{
  "name": "nspell-test-repo",
  "version": "1.0.0",
  "lockfileVersion": 1,
  "requires": true,
  "dependencies": {
    "dictionary-de": {
      "version": "2.0.4",
      "resolved": "https://registry.npmjs.org/dictionary-de/-/dictionary-de-2.0.4.tgz",
      "integrity": "sha512-TOTvLM7k4wJt3cgus1Ziuiqo5Tx0i+VEmXVDCDxsxHhRdSCnAQFonTx8/YlfGI+AQQIyMJhXfMnceKD56dZrMQ=="
    },
    "dictionary-en": {
      "version": "3.0.1",
      "resolved": "https://registry.npmjs.org/dictionary-en/-/dictionary-en-3.0.1.tgz",
      "integrity": "sha512-IMVLlTXYGlKwmzTMvRzLDx/BCl9Tq3l56xY7URaH4eZMIufl7myaaXJJyTH6qdjXOxKMOkzE2t3rp3Ql7QciBA=="
    },
    "dictionary-nl": {
      "version": "1.3.4",
      "resolved": "https://registry.npmjs.org/dictionary-nl/-/dictionary-nl-1.3.4.tgz",
      "integrity": "sha512-Wk178+AoZJrdP6Xxs7fzUIv8fw6vvvOVKTMIUrgCZ25lndJXnOU7ZGJGcImvxQd1TZrqzYq8K0qjYb9XJuresA=="
    },
    "is-buffer": {
      "version": "2.0.4",
      "resolved": "https://registry.npmjs.org/is-buffer/-/is-buffer-2.0.4.tgz",
      "integrity": "sha512-Kq1rokWXOPXWuaMAqZiJW4XxsmD9zGx9q4aePabbn3qCRGedtH7Cm+zV8WETitMfu1wdh+Rvd6w5egwSngUX2A=="
    },
    "nspell": {
      "version": "2.1.2",
      "resolved": "https://registry.npmjs.org/nspell/-/nspell-2.1.2.tgz",
      "integrity": "sha512-j79L4A5aJSiswMUJ/6BW8+7ytgBUVce5BJX6xq8LtvKQpU96CMB340/yMeREH9U+gB/8dk4ctTn62DLiPMAXsA==",
      "requires": {
        "is-buffer": "^2.0.0"
      }
    }
  }
}
